# THIS IS AN AUTOGENERATED FILE. DO NOT EDIT THIS FILE DIRECTLY.
# yarn lockfile v1


colors@^1.4.0:
  version "1.4.0"
  resolved "https://registry.yarnpkg.com/colors/-/colors-1.4.0.tgz#c50491479d4c1bdaed2c9ced32cf7c7dc2360f78"
  integrity sha512-a+UqTh4kgZg/SlGvfbzDHpgRu7AAQOmmqRHJnxhRZICKFUT91brVhNNt58CMWU9PsBbv3PDCZUHbVxuDiH2mtA==

esbuild@^0.9.3:
  version "0.9.3"
  resolved "https://registry.yarnpkg.com/esbuild/-/esbuild-0.9.3.tgz#09293a0b824159c6aa2488d1c6c22f57d8448f74"
  integrity sha512-G8k0olucZp3LJ7I/p8y388t+IEyb2Y78nHrLeIxuqZqh6TYqDYP/B/7drAvYKfh83CGwKal9txVP+FTypsPJug==
